// !$*UTF8*$!
{
	archiveVersion = 1;
	classes = {
	};
	objectVersion = 46;
	objects = {

/* Begin PBXBuildFile section */
		5570CDD91BB84E8000658C0E /* settings.storyboard in Resources */ = {isa = PBXBuildFile; fileRef = 5570CDD71BB84E8000658C0E /* settings.storyboard */; settings = {ASSET_TAGS = (); }; };
		5576392D1AB75F3E00DD0EAB /* CoreLocation.framework in Frameworks */ = {isa = PBXBuildFile; fileRef = 5576392C1AB75F3E00DD0EAB /* CoreLocation.framework */; };
		557639311ABC6B1900DD0EAB /* constants.swift in Sources */ = {isa = PBXBuildFile; fileRef = 557639301ABC6B1900DD0EAB /* constants.swift */; };
		557639361ABC6BFD00DD0EAB /* GoogleMaps.bundle in Resources */ = {isa = PBXBuildFile; fileRef = 557639351ABC6BFD00DD0EAB /* GoogleMaps.bundle */; };
		557639381ABC6C1500DD0EAB /* AVFoundation.framework in Frameworks */ = {isa = PBXBuildFile; fileRef = 557639371ABC6C1500DD0EAB /* AVFoundation.framework */; };
		5576393C1ABC6C2800DD0EAB /* CoreText.framework in Frameworks */ = {isa = PBXBuildFile; fileRef = 5576393B1ABC6C2800DD0EAB /* CoreText.framework */; };
		5576393E1ABC6C2F00DD0EAB /* GLKit.framework in Frameworks */ = {isa = PBXBuildFile; fileRef = 5576393D1ABC6C2F00DD0EAB /* GLKit.framework */; };
		557639401ABC6C3500DD0EAB /* ImageIO.framework in Frameworks */ = {isa = PBXBuildFile; fileRef = 5576393F1ABC6C3500DD0EAB /* ImageIO.framework */; };
		557639421ABC6C4000DD0EAB /* libc++.dylib in Frameworks */ = {isa = PBXBuildFile; fileRef = 557639411ABC6C4000DD0EAB /* libc++.dylib */; };
		557639441ABC6C4C00DD0EAB /* libicucore.dylib in Frameworks */ = {isa = PBXBuildFile; fileRef = 557639431ABC6C4C00DD0EAB /* libicucore.dylib */; };
		557639461ABC6C5400DD0EAB /* libz.dylib in Frameworks */ = {isa = PBXBuildFile; fileRef = 557639451ABC6C5400DD0EAB /* libz.dylib */; };
		557639481ABC6C5B00DD0EAB /* OpenGLES.framework in Frameworks */ = {isa = PBXBuildFile; fileRef = 557639471ABC6C5B00DD0EAB /* OpenGLES.framework */; };
		5576394A1ABC6C6500DD0EAB /* QuartzCore.framework in Frameworks */ = {isa = PBXBuildFile; fileRef = 557639491ABC6C6500DD0EAB /* QuartzCore.framework */; };
		5576394C1ABC6C6B00DD0EAB /* SystemConfiguration.framework in Frameworks */ = {isa = PBXBuildFile; fileRef = 5576394B1ABC6C6B00DD0EAB /* SystemConfiguration.framework */; };
		557639541ABC6F3300DD0EAB /* SettingsViewController.swift in Sources */ = {isa = PBXBuildFile; fileRef = 557639531ABC6F3300DD0EAB /* SettingsViewController.swift */; };
		557867191AB727C200EA55CC /* AppDelegate.swift in Sources */ = {isa = PBXBuildFile; fileRef = 557867181AB727C200EA55CC /* AppDelegate.swift */; };
		5578671B1AB727C200EA55CC /* DashboardViewController.swift in Sources */ = {isa = PBXBuildFile; fileRef = 5578671A1AB727C200EA55CC /* DashboardViewController.swift */; };
		5578671E1AB727C200EA55CC /* Main.storyboard in Resources */ = {isa = PBXBuildFile; fileRef = 5578671C1AB727C200EA55CC /* Main.storyboard */; };
		557867231AB727C200EA55CC /* LaunchScreen.xib in Resources */ = {isa = PBXBuildFile; fileRef = 557867211AB727C200EA55CC /* LaunchScreen.xib */; };
		5578672F1AB727C200EA55CC /* wheresMyUmbrellaTests.swift in Sources */ = {isa = PBXBuildFile; fileRef = 5578672E1AB727C200EA55CC /* wheresMyUmbrellaTests.swift */; };
		5578673B1AB743F800EA55CC /* assets.xcassets in Resources */ = {isa = PBXBuildFile; fileRef = 5578673A1AB743F800EA55CC /* assets.xcassets */; };
		5578673D1AB74EB700EA55CC /* WeatherData.swift in Sources */ = {isa = PBXBuildFile; fileRef = 5578673C1AB74EB700EA55CC /* WeatherData.swift */; };
		55B8533B1BB853980092C29F /* MapKit.framework in Frameworks */ = {isa = PBXBuildFile; fileRef = 55B8533A1BB853980092C29F /* MapKit.framework */; };
/* End PBXBuildFile section */

/* Begin PBXContainerItemProxy section */
		557867291AB727C200EA55CC /* PBXContainerItemProxy */ = {
			isa = PBXContainerItemProxy;
			containerPortal = 5578670B1AB727C200EA55CC /* Project object */;
			proxyType = 1;
			remoteGlobalIDString = 557867121AB727C200EA55CC;
			remoteInfo = wheresMyUmbrella;
		};
/* End PBXContainerItemProxy section */

/* Begin PBXFileReference section */
		5570CDD81BB84E8000658C0E /* Base */ = {isa = PBXFileReference; lastKnownFileType = file.storyboard; name = Base; path = Base.lproj/settings.storyboard; sourceTree = "<group>"; };
		5570CDDB1BB84F9900658C0E /* en */ = {isa = PBXFileReference; lastKnownFileType = text.plist.strings; name = en; path = en.lproj/settings.strings; sourceTree = "<group>"; };
		5570CDDD1BB84F9E00658C0E /* pt-BR */ = {isa = PBXFileReference; lastKnownFileType = text.plist.strings; name = "pt-BR"; path = "pt-BR.lproj/settings.strings"; sourceTree = "<group>"; };
		5570CDDF1BB8512400658C0E /* en */ = {isa = PBXFileReference; lastKnownFileType = text.plist.strings; name = en; path = en.lproj/LaunchScreen.strings; sourceTree = "<group>"; };
		5576392C1AB75F3E00DD0EAB /* CoreLocation.framework */ = {isa = PBXFileReference; lastKnownFileType = wrapper.framework; name = CoreLocation.framework; path = System/Library/Frameworks/CoreLocation.framework; sourceTree = SDKROOT; };
		5576392E1ABA2D8800DD0EAB /* pt-BR */ = {isa = PBXFileReference; lastKnownFileType = text.plist.strings; name = "pt-BR"; path = "pt-BR.lproj/Main.strings"; sourceTree = "<group>"; };
		5576392F1ABA2D8800DD0EAB /* pt-BR */ = {isa = PBXFileReference; lastKnownFileType = text.plist.strings; name = "pt-BR"; path = "pt-BR.lproj/LaunchScreen.strings"; sourceTree = "<group>"; };
		557639301ABC6B1900DD0EAB /* constants.swift */ = {isa = PBXFileReference; fileEncoding = 4; lastKnownFileType = sourcecode.swift; path = constants.swift; sourceTree = "<group>"; };
		557639331ABC6BEB00DD0EAB /* GoogleMaps.framework */ = {isa = PBXFileReference; lastKnownFileType = wrapper.framework; path = GoogleMaps.framework; sourceTree = "<group>"; };
		557639351ABC6BFD00DD0EAB /* GoogleMaps.bundle */ = {isa = PBXFileReference; lastKnownFileType = "wrapper.plug-in"; path = GoogleMaps.bundle; sourceTree = "<group>"; };
		557639371ABC6C1500DD0EAB /* AVFoundation.framework */ = {isa = PBXFileReference; lastKnownFileType = wrapper.framework; name = AVFoundation.framework; path = System/Library/Frameworks/AVFoundation.framework; sourceTree = SDKROOT; };
		557639391ABC6C1B00DD0EAB /* CoreData.framework */ = {isa = PBXFileReference; lastKnownFileType = wrapper.framework; name = CoreData.framework; path = System/Library/Frameworks/CoreData.framework; sourceTree = SDKROOT; };
		5576393B1ABC6C2800DD0EAB /* CoreText.framework */ = {isa = PBXFileReference; lastKnownFileType = wrapper.framework; name = CoreText.framework; path = System/Library/Frameworks/CoreText.framework; sourceTree = SDKROOT; };
		5576393D1ABC6C2F00DD0EAB /* GLKit.framework */ = {isa = PBXFileReference; lastKnownFileType = wrapper.framework; name = GLKit.framework; path = System/Library/Frameworks/GLKit.framework; sourceTree = SDKROOT; };
		5576393F1ABC6C3500DD0EAB /* ImageIO.framework */ = {isa = PBXFileReference; lastKnownFileType = wrapper.framework; name = ImageIO.framework; path = System/Library/Frameworks/ImageIO.framework; sourceTree = SDKROOT; };
		557639411ABC6C4000DD0EAB /* libc++.dylib */ = {isa = PBXFileReference; lastKnownFileType = "compiled.mach-o.dylib"; name = "libc++.dylib"; path = "usr/lib/libc++.dylib"; sourceTree = SDKROOT; };
		557639431ABC6C4C00DD0EAB /* libicucore.dylib */ = {isa = PBXFileReference; lastKnownFileType = "compiled.mach-o.dylib"; name = libicucore.dylib; path = usr/lib/libicucore.dylib; sourceTree = SDKROOT; };
		557639451ABC6C5400DD0EAB /* libz.dylib */ = {isa = PBXFileReference; lastKnownFileType = "compiled.mach-o.dylib"; name = libz.dylib; path = usr/lib/libz.dylib; sourceTree = SDKROOT; };
		557639471ABC6C5B00DD0EAB /* OpenGLES.framework */ = {isa = PBXFileReference; lastKnownFileType = wrapper.framework; name = OpenGLES.framework; path = System/Library/Frameworks/OpenGLES.framework; sourceTree = SDKROOT; };
		557639491ABC6C6500DD0EAB /* QuartzCore.framework */ = {isa = PBXFileReference; lastKnownFileType = wrapper.framework; name = QuartzCore.framework; path = System/Library/Frameworks/QuartzCore.framework; sourceTree = SDKROOT; };
		5576394B1ABC6C6B00DD0EAB /* SystemConfiguration.framework */ = {isa = PBXFileReference; lastKnownFileType = wrapper.framework; name = SystemConfiguration.framework; path = System/Library/Frameworks/SystemConfiguration.framework; sourceTree = SDKROOT; };
		557639521ABC6D7500DD0EAB /* wheresMyUmbrella-Bridging-Header.h */ = {isa = PBXFileReference; fileEncoding = 4; lastKnownFileType = sourcecode.c.h; path = "wheresMyUmbrella-Bridging-Header.h"; sourceTree = "<group>"; };
		557639531ABC6F3300DD0EAB /* SettingsViewController.swift */ = {isa = PBXFileReference; fileEncoding = 4; lastKnownFileType = sourcecode.swift; path = SettingsViewController.swift; sourceTree = "<group>"; };
		557867131AB727C200EA55CC /* wheresMyUmbrella.app */ = {isa = PBXFileReference; explicitFileType = wrapper.application; includeInIndex = 0; path = wheresMyUmbrella.app; sourceTree = BUILT_PRODUCTS_DIR; };
		557867171AB727C200EA55CC /* Info.plist */ = {isa = PBXFileReference; lastKnownFileType = text.plist.xml; path = Info.plist; sourceTree = "<group>"; };
		557867181AB727C200EA55CC /* AppDelegate.swift */ = {isa = PBXFileReference; lastKnownFileType = sourcecode.swift; path = AppDelegate.swift; sourceTree = "<group>"; };
		5578671A1AB727C200EA55CC /* DashboardViewController.swift */ = {isa = PBXFileReference; lastKnownFileType = sourcecode.swift; path = DashboardViewController.swift; sourceTree = "<group>"; };
		5578671D1AB727C200EA55CC /* Base */ = {isa = PBXFileReference; lastKnownFileType = file.storyboard; name = Base; path = Base.lproj/Main.storyboard; sourceTree = "<group>"; };
		557867221AB727C200EA55CC /* Base */ = {isa = PBXFileReference; lastKnownFileType = file.xib; name = Base; path = Base.lproj/LaunchScreen.xib; sourceTree = "<group>"; };
		557867281AB727C200EA55CC /* wheresMyUmbrellaTests.xctest */ = {isa = PBXFileReference; explicitFileType = wrapper.cfbundle; includeInIndex = 0; path = wheresMyUmbrellaTests.xctest; sourceTree = BUILT_PRODUCTS_DIR; };
		5578672D1AB727C200EA55CC /* Info.plist */ = {isa = PBXFileReference; lastKnownFileType = text.plist.xml; path = Info.plist; sourceTree = "<group>"; };
		5578672E1AB727C200EA55CC /* wheresMyUmbrellaTests.swift */ = {isa = PBXFileReference; lastKnownFileType = sourcecode.swift; path = wheresMyUmbrellaTests.swift; sourceTree = "<group>"; };
		5578673A1AB743F800EA55CC /* assets.xcassets */ = {isa = PBXFileReference; lastKnownFileType = folder.assetcatalog; path = assets.xcassets; sourceTree = "<group>"; };
		5578673C1AB74EB700EA55CC /* WeatherData.swift */ = {isa = PBXFileReference; fileEncoding = 4; lastKnownFileType = sourcecode.swift; path = WeatherData.swift; sourceTree = "<group>"; };
		55B8533A1BB853980092C29F /* MapKit.framework */ = {isa = PBXFileReference; lastKnownFileType = wrapper.framework; name = MapKit.framework; path = System/Library/Frameworks/MapKit.framework; sourceTree = SDKROOT; };
/* End PBXFileReference section */

/* Begin PBXFrameworksBuildPhase section */
		557867101AB727C200EA55CC /* Frameworks */ = {
			isa = PBXFrameworksBuildPhase;
			buildActionMask = 2147483647;
			files = (
				55B8533B1BB853980092C29F /* MapKit.framework in Frameworks */,
				5576394C1ABC6C6B00DD0EAB /* SystemConfiguration.framework in Frameworks */,
				5576394A1ABC6C6500DD0EAB /* QuartzCore.framework in Frameworks */,
				557639481ABC6C5B00DD0EAB /* OpenGLES.framework in Frameworks */,
				557639461ABC6C5400DD0EAB /* libz.dylib in Frameworks */,
				557639441ABC6C4C00DD0EAB /* libicucore.dylib in Frameworks */,
				557639421ABC6C4000DD0EAB /* libc++.dylib in Frameworks */,
				557639401ABC6C3500DD0EAB /* ImageIO.framework in Frameworks */,
				5576393E1ABC6C2F00DD0EAB /* GLKit.framework in Frameworks */,
				5576393C1ABC6C2800DD0EAB /* CoreText.framework in Frameworks */,
				5576392D1AB75F3E00DD0EAB /* CoreLocation.framework in Frameworks */,
				557639381ABC6C1500DD0EAB /* AVFoundation.framework in Frameworks */,
			);
			runOnlyForDeploymentPostprocessing = 0;
		};
		557867251AB727C200EA55CC /* Frameworks */ = {
			isa = PBXFrameworksBuildPhase;
			buildActionMask = 2147483647;
			files = (
			);
			runOnlyForDeploymentPostprocessing = 0;
		};
/* End PBXFrameworksBuildPhase section */

/* Begin PBXGroup section */
		5570CDE01BB8515000658C0E /* Storyboards */ = {
			isa = PBXGroup;
			children = (
				5578671C1AB727C200EA55CC /* Main.storyboard */,
				5570CDD71BB84E8000658C0E /* settings.storyboard */,
				557867211AB727C200EA55CC /* LaunchScreen.xib */,
			);
			name = Storyboards;
			sourceTree = "<group>";
		};
		5570CDE11BB8515E00658C0E /* Classes */ = {
			isa = PBXGroup;
			children = (
				5578671A1AB727C200EA55CC /* DashboardViewController.swift */,
				557639531ABC6F3300DD0EAB /* SettingsViewController.swift */,
				5578673C1AB74EB700EA55CC /* WeatherData.swift */,
			);
			name = Classes;
			sourceTree = "<group>";
		};
		557639321ABC6B6D00DD0EAB /* frameworks */ = {
			isa = PBXGroup;
			children = (
				5576394B1ABC6C6B00DD0EAB /* SystemConfiguration.framework */,
				557639491ABC6C6500DD0EAB /* QuartzCore.framework */,
				557639471ABC6C5B00DD0EAB /* OpenGLES.framework */,
				557639451ABC6C5400DD0EAB /* libz.dylib */,
				557639431ABC6C4C00DD0EAB /* libicucore.dylib */,
				557639411ABC6C4000DD0EAB /* libc++.dylib */,
				5576393F1ABC6C3500DD0EAB /* ImageIO.framework */,
				5576393D1ABC6C2F00DD0EAB /* GLKit.framework */,
				5576393B1ABC6C2800DD0EAB /* CoreText.framework */,
				557639391ABC6C1B00DD0EAB /* CoreData.framework */,
				557639371ABC6C1500DD0EAB /* AVFoundation.framework */,
				5576392C1AB75F3E00DD0EAB /* CoreLocation.framework */,
				557639351ABC6BFD00DD0EAB /* GoogleMaps.bundle */,
				557639331ABC6BEB00DD0EAB /* GoogleMaps.framework */,
			);
			name = frameworks;
			sourceTree = "<group>";
		};
		5578670A1AB727C200EA55CC = {
			isa = PBXGroup;
			children = (
				55B8533A1BB853980092C29F /* MapKit.framework */,
				557867151AB727C200EA55CC /* wheresMyUmbrella */,
				5578672B1AB727C200EA55CC /* wheresMyUmbrellaTests */,
				557867141AB727C200EA55CC /* Products */,
				557639521ABC6D7500DD0EAB /* wheresMyUmbrella-Bridging-Header.h */,
			);
			sourceTree = "<group>";
		};
		557867141AB727C200EA55CC /* Products */ = {
			isa = PBXGroup;
			children = (
				557867131AB727C200EA55CC /* wheresMyUmbrella.app */,
				557867281AB727C200EA55CC /* wheresMyUmbrellaTests.xctest */,
			);
			name = Products;
			sourceTree = "<group>";
		};
		557867151AB727C200EA55CC /* wheresMyUmbrella */ = {
			isa = PBXGroup;
			children = (
				5570CDE11BB8515E00658C0E /* Classes */,
				5570CDE01BB8515000658C0E /* Storyboards */,
				557867161AB727C200EA55CC /* Supporting Files */,
				5578673A1AB743F800EA55CC /* assets.xcassets */,
				557639321ABC6B6D00DD0EAB /* frameworks */,
			);
			path = wheresMyUmbrella;
			sourceTree = "<group>";
		};
		557867161AB727C200EA55CC /* Supporting Files */ = {
			isa = PBXGroup;
			children = (
				557639301ABC6B1900DD0EAB /* constants.swift */,
				557867181AB727C200EA55CC /* AppDelegate.swift */,
				557867171AB727C200EA55CC /* Info.plist */,
			);
			name = "Supporting Files";
			sourceTree = "<group>";
		};
		5578672B1AB727C200EA55CC /* wheresMyUmbrellaTests */ = {
			isa = PBXGroup;
			children = (
				5578672E1AB727C200EA55CC /* wheresMyUmbrellaTests.swift */,
				5578672C1AB727C200EA55CC /* Supporting Files */,
			);
			path = wheresMyUmbrellaTests;
			sourceTree = "<group>";
		};
		5578672C1AB727C200EA55CC /* Supporting Files */ = {
			isa = PBXGroup;
			children = (
				5578672D1AB727C200EA55CC /* Info.plist */,
			);
			name = "Supporting Files";
			sourceTree = "<group>";
		};
/* End PBXGroup section */

/* Begin PBXNativeTarget section */
		557867121AB727C200EA55CC /* wheresMyUmbrella */ = {
			isa = PBXNativeTarget;
			buildConfigurationList = 557867321AB727C200EA55CC /* Build configuration list for PBXNativeTarget "wheresMyUmbrella" */;
			buildPhases = (
				5578670F1AB727C200EA55CC /* Sources */,
				557867101AB727C200EA55CC /* Frameworks */,
				557867111AB727C200EA55CC /* Resources */,
			);
			buildRules = (
			);
			dependencies = (
			);
			name = wheresMyUmbrella;
			productName = wheresMyUmbrella;
			productReference = 557867131AB727C200EA55CC /* wheresMyUmbrella.app */;
			productType = "com.apple.product-type.application";
		};
		557867271AB727C200EA55CC /* wheresMyUmbrellaTests */ = {
			isa = PBXNativeTarget;
			buildConfigurationList = 557867351AB727C200EA55CC /* Build configuration list for PBXNativeTarget "wheresMyUmbrellaTests" */;
			buildPhases = (
				557867241AB727C200EA55CC /* Sources */,
				557867251AB727C200EA55CC /* Frameworks */,
				557867261AB727C200EA55CC /* Resources */,
			);
			buildRules = (
			);
			dependencies = (
				5578672A1AB727C200EA55CC /* PBXTargetDependency */,
			);
			name = wheresMyUmbrellaTests;
			productName = wheresMyUmbrellaTests;
			productReference = 557867281AB727C200EA55CC /* wheresMyUmbrellaTests.xctest */;
			productType = "com.apple.product-type.bundle.unit-test";
		};
/* End PBXNativeTarget section */

/* Begin PBXProject section */
		5578670B1AB727C200EA55CC /* Project object */ = {
			isa = PBXProject;
			attributes = {
				LastSwiftMigration = 0700;
				LastSwiftUpdateCheck = 0700;
				LastUpgradeCheck = 0700;
				ORGANIZATIONNAME = "Guilherme Sakae";
				TargetAttributes = {
					557867121AB727C200EA55CC = {
						CreatedOnToolsVersion = 6.2;
					};
					557867271AB727C200EA55CC = {
						CreatedOnToolsVersion = 6.2;
						TestTargetID = 557867121AB727C200EA55CC;
					};
				};
			};
			buildConfigurationList = 5578670E1AB727C200EA55CC /* Build configuration list for PBXProject "wheresMyUmbrella" */;
			compatibilityVersion = "Xcode 3.2";
			developmentRegion = English;
			hasScannedForEncodings = 0;
			knownRegions = (
				en,
				Base,
				"pt-BR",
			);
			mainGroup = 5578670A1AB727C200EA55CC;
			productRefGroup = 557867141AB727C200EA55CC /* Products */;
			projectDirPath = "";
			projectRoot = "";
			targets = (
				557867121AB727C200EA55CC /* wheresMyUmbrella */,
				557867271AB727C200EA55CC /* wheresMyUmbrellaTests */,
			);
		};
/* End PBXProject section */

/* Begin PBXResourcesBuildPhase section */
		557867111AB727C200EA55CC /* Resources */ = {
			isa = PBXResourcesBuildPhase;
			buildActionMask = 2147483647;
			files = (
				5578671E1AB727C200EA55CC /* Main.storyboard in Resources */,
				557867231AB727C200EA55CC /* LaunchScreen.xib in Resources */,
				5578673B1AB743F800EA55CC /* assets.xcassets in Resources */,
				557639361ABC6BFD00DD0EAB /* GoogleMaps.bundle in Resources */,
				5570CDD91BB84E8000658C0E /* settings.storyboard in Resources */,
			);
			runOnlyForDeploymentPostprocessing = 0;
		};
		557867261AB727C200EA55CC /* Resources */ = {
			isa = PBXResourcesBuildPhase;
			buildActionMask = 2147483647;
			files = (
			);
			runOnlyForDeploymentPostprocessing = 0;
		};
/* End PBXResourcesBuildPhase section */

/* Begin PBXSourcesBuildPhase section */
		5578670F1AB727C200EA55CC /* Sources */ = {
			isa = PBXSourcesBuildPhase;
			buildActionMask = 2147483647;
			files = (
				5578671B1AB727C200EA55CC /* DashboardViewController.swift in Sources */,
				5578673D1AB74EB700EA55CC /* WeatherData.swift in Sources */,
				557867191AB727C200EA55CC /* AppDelegate.swift in Sources */,
				557639541ABC6F3300DD0EAB /* SettingsViewController.swift in Sources */,
				557639311ABC6B1900DD0EAB /* constants.swift in Sources */,
			);
			runOnlyForDeploymentPostprocessing = 0;
		};
		557867241AB727C200EA55CC /* Sources */ = {
			isa = PBXSourcesBuildPhase;
			buildActionMask = 2147483647;
			files = (
				5578672F1AB727C200EA55CC /* wheresMyUmbrellaTests.swift in Sources */,
			);
			runOnlyForDeploymentPostprocessing = 0;
		};
/* End PBXSourcesBuildPhase section */

/* Begin PBXTargetDependency section */
		5578672A1AB727C200EA55CC /* PBXTargetDependency */ = {
			isa = PBXTargetDependency;
			target = 557867121AB727C200EA55CC /* wheresMyUmbrella */;
			targetProxy = 557867291AB727C200EA55CC /* PBXContainerItemProxy */;
		};
/* End PBXTargetDependency section */

/* Begin PBXVariantGroup section */
		5570CDD71BB84E8000658C0E /* settings.storyboard */ = {
			isa = PBXVariantGroup;
			children = (
				5570CDD81BB84E8000658C0E /* Base */,
				5570CDDB1BB84F9900658C0E /* en */,
				5570CDDD1BB84F9E00658C0E /* pt-BR */,
			);
			name = settings.storyboard;
			sourceTree = "<group>";
		};
		5578671C1AB727C200EA55CC /* Main.storyboard */ = {
			isa = PBXVariantGroup;
			children = (
				5578671D1AB727C200EA55CC /* Base */,
				5576392E1ABA2D8800DD0EAB /* pt-BR */,
			);
			name = Main.storyboard;
			sourceTree = "<group>";
		};
		557867211AB727C200EA55CC /* LaunchScreen.xib */ = {
			isa = PBXVariantGroup;
			children = (
				557867221AB727C200EA55CC /* Base */,
				5576392F1ABA2D8800DD0EAB /* pt-BR */,
				5570CDDF1BB8512400658C0E /* en */,
			);
			name = LaunchScreen.xib;
			sourceTree = "<group>";
		};
/* End PBXVariantGroup section */

/* Begin XCBuildConfiguration section */
		557867301AB727C200EA55CC /* Debug */ = {
			isa = XCBuildConfiguration;
			buildSettings = {
				ALWAYS_SEARCH_USER_PATHS = NO;
				CLANG_CXX_LANGUAGE_STANDARD = "gnu++0x";
				CLANG_CXX_LIBRARY = "libc++";
				CLANG_ENABLE_MODULES = YES;
				CLANG_ENABLE_OBJC_ARC = YES;
				CLANG_WARN_BOOL_CONVERSION = YES;
				CLANG_WARN_CONSTANT_CONVERSION = YES;
				CLANG_WARN_DIRECT_OBJC_ISA_USAGE = YES_ERROR;
				CLANG_WARN_EMPTY_BODY = YES;
				CLANG_WARN_ENUM_CONVERSION = YES;
				CLANG_WARN_INT_CONVERSION = YES;
				CLANG_WARN_OBJC_ROOT_CLASS = YES_ERROR;
				CLANG_WARN_UNREACHABLE_CODE = YES;
				CLANG_WARN__DUPLICATE_METHOD_MATCH = YES;
				"CODE_SIGN_IDENTITY[sdk=iphoneos*]" = "iPhone Developer";
				COPY_PHASE_STRIP = NO;
				ENABLE_STRICT_OBJC_MSGSEND = YES;
				ENABLE_TESTABILITY = YES;
				GCC_C_LANGUAGE_STANDARD = gnu99;
				GCC_DYNAMIC_NO_PIC = NO;
				GCC_OPTIMIZATION_LEVEL = 0;
				GCC_PREPROCESSOR_DEFINITIONS = (
					"DEBUG=1",
					"$(inherited)",
				);
				GCC_SYMBOLS_PRIVATE_EXTERN = NO;
				GCC_WARN_64_TO_32_BIT_CONVERSION = YES;
				GCC_WARN_ABOUT_RETURN_TYPE = YES_ERROR;
				GCC_WARN_UNDECLARED_SELECTOR = YES;
				GCC_WARN_UNINITIALIZED_AUTOS = YES_AGGRESSIVE;
				GCC_WARN_UNUSED_FUNCTION = YES;
				GCC_WARN_UNUSED_VARIABLE = YES;
				IPHONEOS_DEPLOYMENT_TARGET = 8.2;
				MTL_ENABLE_DEBUG_INFO = YES;
				ONLY_ACTIVE_ARCH = YES;
				OTHER_LDFLAGS = "-ObjC";
				SDKROOT = iphoneos;
				SWIFT_OPTIMIZATION_LEVEL = "-Onone";
			};
			name = Debug;
		};
		557867311AB727C200EA55CC /* Release */ = {
			isa = XCBuildConfiguration;
			buildSettings = {
				ALWAYS_SEARCH_USER_PATHS = NO;
				CLANG_CXX_LANGUAGE_STANDARD = "gnu++0x";
				CLANG_CXX_LIBRARY = "libc++";
				CLANG_ENABLE_MODULES = YES;
				CLANG_ENABLE_OBJC_ARC = YES;
				CLANG_WARN_BOOL_CONVERSION = YES;
				CLANG_WARN_CONSTANT_CONVERSION = YES;
				CLANG_WARN_DIRECT_OBJC_ISA_USAGE = YES_ERROR;
				CLANG_WARN_EMPTY_BODY = YES;
				CLANG_WARN_ENUM_CONVERSION = YES;
				CLANG_WARN_INT_CONVERSION = YES;
				CLANG_WARN_OBJC_ROOT_CLASS = YES_ERROR;
				CLANG_WARN_UNREACHABLE_CODE = YES;
				CLANG_WARN__DUPLICATE_METHOD_MATCH = YES;
				"CODE_SIGN_IDENTITY[sdk=iphoneos*]" = "iPhone Developer";
				COPY_PHASE_STRIP = NO;
				ENABLE_NS_ASSERTIONS = NO;
				ENABLE_STRICT_OBJC_MSGSEND = YES;
				GCC_C_LANGUAGE_STANDARD = gnu99;
				GCC_WARN_64_TO_32_BIT_CONVERSION = YES;
				GCC_WARN_ABOUT_RETURN_TYPE = YES_ERROR;
				GCC_WARN_UNDECLARED_SELECTOR = YES;
				GCC_WARN_UNINITIALIZED_AUTOS = YES_AGGRESSIVE;
				GCC_WARN_UNUSED_FUNCTION = YES;
				GCC_WARN_UNUSED_VARIABLE = YES;
				IPHONEOS_DEPLOYMENT_TARGET = 8.2;
				MTL_ENABLE_DEBUG_INFO = NO;
				OTHER_LDFLAGS = "-ObjC";
				SDKROOT = iphoneos;
				VALIDATE_PRODUCT = YES;
			};
			name = Release;
		};
		557867331AB727C200EA55CC /* Debug */ = {
			isa = XCBuildConfiguration;
			buildSettings = {
				ASSETCATALOG_COMPILER_APPICON_NAME = AppIcon;
				CLANG_ENABLE_MODULES = YES;
				FRAMEWORK_SEARCH_PATHS = (
					"$(inherited)",
					"$(PROJECT_DIR)/wheresMyUmbrella",
				);
				INFOPLIST_FILE = wheresMyUmbrella/Info.plist;
				LD_RUNPATH_SEARCH_PATHS = "$(inherited) @executable_path/Frameworks";
				PRODUCT_BUNDLE_IDENTIFIER = "com.akiokio.$(PRODUCT_NAME:rfc1034identifier)";
				PRODUCT_NAME = "$(TARGET_NAME)";
				SWIFT_OBJC_BRIDGING_HEADER = "wheresMyUmbrella-Bridging-Header.h";
				SWIFT_OPTIMIZATION_LEVEL = "-Onone";
			};
			name = Debug;
		};
		557867341AB727C200EA55CC /* Release */ = {
			isa = XCBuildConfiguration;
			buildSettings = {
				ASSETCATALOG_COMPILER_APPICON_NAME = AppIcon;
				CLANG_ENABLE_MODULES = YES;
				FRAMEWORK_SEARCH_PATHS = (
					"$(inherited)",
					"$(PROJECT_DIR)/wheresMyUmbrella",
				);
				INFOPLIST_FILE = wheresMyUmbrella/Info.plist;
				LD_RUNPATH_SEARCH_PATHS = "$(inherited) @executable_path/Frameworks";
				PRODUCT_BUNDLE_IDENTIFIER = "com.akiokio.$(PRODUCT_NAME:rfc1034identifier)";
				PRODUCT_NAME = "$(TARGET_NAME)";
				SWIFT_OBJC_BRIDGING_HEADER = "wheresMyUmbrella-Bridging-Header.h";
			};
			name = Release;
		};
		557867361AB727C200EA55CC /* Debug */ = {
			isa = XCBuildConfiguration;
			buildSettings = {
				BUNDLE_LOADER = "$(TEST_HOST)";
				FRAMEWORK_SEARCH_PATHS = (
					"$(SDKROOT)/Developer/Library/Frameworks",
					"$(inherited)",
				);
				GCC_PREPROCESSOR_DEFINITIONS = (
					"DEBUG=1",
					"$(inherited)",
				);
				INFOPLIST_FILE = wheresMyUmbrellaTests/Info.plist;
				LD_RUNPATH_SEARCH_PATHS = "$(inherited) @executable_path/Frameworks @loader_path/Frameworks";
				PRODUCT_BUNDLE_IDENTIFIER = "com.akiokio.$(PRODUCT_NAME:rfc1034identifier)";
				PRODUCT_NAME = "$(TARGET_NAME)";
				TEST_HOST = "$(BUILT_PRODUCTS_DIR)/wheresMyUmbrella.app/wheresMyUmbrella";
			};
			name = Debug;
		};
		557867371AB727C200EA55CC /* Release */ = {
			isa = XCBuildConfiguration;
			buildSettings = {
				BUNDLE_LOADER = "$(TEST_HOST)";
				FRAMEWORK_SEARCH_PATHS = (
					"$(SDKROOT)/Developer/Library/Frameworks",
					"$(inherited)",
				);
				INFOPLIST_FILE = wheresMyUmbrellaTests/Info.plist;
				LD_RUNPATH_SEARCH_PATHS = "$(inherited) @executable_path/Frameworks @loader_path/Frameworks";
				PRODUCT_BUNDLE_IDENTIFIER = "com.akiokio.$(PRODUCT_NAME:rfc1034identifier)";
				PRODUCT_NAME = "$(TARGET_NAME)";
				TEST_HOST = "$(BUILT_PRODUCTS_DIR)/wheresMyUmbrella.app/wheresMyUmbrella";
			};
			name = Release;
		};
/* End XCBuildConfiguration section */

/* Begin XCConfigurationList section */
		5578670E1AB727C200EA55CC /* Build configuration list for PBXProject "wheresMyUmbrella" */ = {
			isa = XCConfigurationList;
			buildConfigurations = (
				557867301AB727C200EA55CC /* Debug */,
				557867311AB727C200EA55CC /* Release */,
			);
			defaultConfigurationIsVisible = 0;
			defaultConfigurationName = Release;
		};
		557867321AB727C200EA55CC /* Build configuration list for PBXNativeTarget "wheresMyUmbrella" */ = {
			isa = XCConfigurationList;
			buildConfigurations = (
				557867331AB727C200EA55CC /* Debug */,
				557867341AB727C200EA55CC /* Release */,
			);
			defaultConfigurationIsVisible = 0;
			defaultConfigurationName = Release;
		};
		557867351AB727C200EA55CC /* Build configuration list for PBXNativeTarget "wheresMyUmbrellaTests" */ = {
			isa = XCConfigurationList;
			buildConfigurations = (
				557867361AB727C200EA55CC /* Debug */,
				557867371AB727C200EA55CC /* Release */,
			);
			defaultConfigurationIsVisible = 0;
			defaultConfigurationName = Release;
		};
/* End XCConfigurationList section */
	};
	rootObject = 5578670B1AB727C200EA55CC /* Project object */;
}
